// !$*UTF8*$!
{
	archiveVersion = 1;
	classes = {
	};
	objectVersion = 46;
	objects = {

/* Begin PBXBuildFile section */
		50B416031A5C7AD700587C25 /* main.m in Sources */ = {isa = PBXBuildFile; fileRef = 50B416021A5C7AD700587C25 /* main.m */; };
		50B416061A5C7AD700587C25 /* AppDelegate.m in Sources */ = {isa = PBXBuildFile; fileRef = 50B416051A5C7AD700587C25 /* AppDelegate.m */; };
		50B416091A5C7AD700587C25 /* ViewController.m in Sources */ = {isa = PBXBuildFile; fileRef = 50B416081A5C7AD700587C25 /* ViewController.m */; };
		50B4160C1A5C7AD700587C25 /* Main.storyboard in Resources */ = {isa = PBXBuildFile; fileRef = 50B4160A1A5C7AD700587C25 /* Main.storyboard */; };
		50B4160E1A5C7AD700587C25 /* Images.xcassets in Resources */ = {isa = PBXBuildFile; fileRef = 50B4160D1A5C7AD700587C25 /* Images.xcassets */; };
		50B416111A5C7AD700587C25 /* LaunchScreen.xib in Resources */ = {isa = PBXBuildFile; fileRef = 50B4160F1A5C7AD700587C25 /* LaunchScreen.xib */; };
		50B4161D1A5C7AD700587C25 /* WordPlayTests.m in Sources */ = {isa = PBXBuildFile; fileRef = 50B4161C1A5C7AD700587C25 /* WordPlayTests.m */; };
/* End PBXBuildFile section */

/* Begin PBXContainerItemProxy section */
		50B416171A5C7AD700587C25 /* PBXContainerItemProxy */ = {
			isa = PBXContainerItemProxy;
			containerPortal = 50B415F51A5C7AD600587C25 /* Project object */;
			proxyType = 1;
			remoteGlobalIDString = 50B415FC1A5C7AD700587C25;
			remoteInfo = WordPlay;
		};
/* End PBXContainerItemProxy section */

/* Begin PBXFileReference section */
		50B415FD1A5C7AD700587C25 /* WordPlay.app */ = {isa = PBXFileReference; explicitFileType = wrapper.application; includeInIndex = 0; path = WordPlay.app; sourceTree = BUILT_PRODUCTS_DIR; };
		50B416011A5C7AD700587C25 /* Info.plist */ = {isa = PBXFileReference; lastKnownFileType = text.plist.xml; path = Info.plist; sourceTree = "<group>"; };
		50B416021A5C7AD700587C25 /* main.m */ = {isa = PBXFileReference; lastKnownFileType = sourcecode.c.objc; path = main.m; sourceTree = "<group>"; };
		50B416041A5C7AD700587C25 /* AppDelegate.h */ = {isa = PBXFileReference; lastKnownFileType = sourcecode.c.h; path = AppDelegate.h; sourceTree = "<group>"; };
		50B416051A5C7AD700587C25 /* AppDelegate.m */ = {isa = PBXFileReference; lastKnownFileType = sourcecode.c.objc; path = AppDelegate.m; sourceTree = "<group>"; };
		50B416071A5C7AD700587C25 /* ViewController.h */ = {isa = PBXFileReference; lastKnownFileType = sourcecode.c.h; path = ViewController.h; sourceTree = "<group>"; };
		50B416081A5C7AD700587C25 /* ViewController.m */ = {isa = PBXFileReference; lastKnownFileType = sourcecode.c.objc; path = ViewController.m; sourceTree = "<group>"; };
		50B4160B1A5C7AD700587C25 /* Base */ = {isa = PBXFileReference; lastKnownFileType = file.storyboard; name = Base; path = Base.lproj/Main.storyboard; sourceTree = "<group>"; };
		50B4160D1A5C7AD700587C25 /* Images.xcassets */ = {isa = PBXFileReference; lastKnownFileType = folder.assetcatalog; path = Images.xcassets; sourceTree = "<group>"; };
		50B416101A5C7AD700587C25 /* Base */ = {isa = PBXFileReference; lastKnownFileType = file.xib; name = Base; path = Base.lproj/LaunchScreen.xib; sourceTree = "<group>"; };
		50B416161A5C7AD700587C25 /* WordPlayTests.xctest */ = {isa = PBXFileReference; explicitFileType = wrapper.cfbundle; includeInIndex = 0; path = WordPlayTests.xctest; sourceTree = BUILT_PRODUCTS_DIR; };
		50B4161B1A5C7AD700587C25 /* Info.plist */ = {isa = PBXFileReference; lastKnownFileType = text.plist.xml; path = Info.plist; sourceTree = "<group>"; };
		50B4161C1A5C7AD700587C25 /* WordPlayTests.m */ = {isa = PBXFileReference; lastKnownFileType = sourcecode.c.objc; path = WordPlayTests.m; sourceTree = "<group>"; };
/* End PBXFileReference section */

/* Begin PBXFrameworksBuildPhase section */
		50B415FA1A5C7AD700587C25 /* Frameworks */ = {
			isa = PBXFrameworksBuildPhase;
			buildActionMask = 2147483647;
			files = (
			);
			runOnlyForDeploymentPostprocessing = 0;
		};
		50B416131A5C7AD700587C25 /* Frameworks */ = {
			isa = PBXFrameworksBuildPhase;
			buildActionMask = 2147483647;
			files = (
			);
			runOnlyForDeploymentPostprocessing = 0;
		};
/* End PBXFrameworksBuildPhase section */

/* Begin PBXGroup section */
		50B415F41A5C7AD600587C25 = {
			isa = PBXGroup;
			children = (
				50B415FF1A5C7AD700587C25 /* WordPlay */,
				50B416191A5C7AD700587C25 /* WordPlayTests */,
				50B415FE1A5C7AD700587C25 /* Products */,
			);
			sourceTree = "<group>";
		};
		50B415FE1A5C7AD700587C25 /* Products */ = {
			isa = PBXGroup;
			children = (
				50B415FD1A5C7AD700587C25 /* WordPlay.app */,
				50B416161A5C7AD700587C25 /* WordPlayTests.xctest */,
			);
			name = Products;
			sourceTree = "<group>";
		};
		50B415FF1A5C7AD700587C25 /* WordPlay */ = {
			isa = PBXGroup;
			children = (
				50B416041A5C7AD700587C25 /* AppDelegate.h */,
				50B416051A5C7AD700587C25 /* AppDelegate.m */,
				50B416071A5C7AD700587C25 /* ViewController.h */,
				50B416081A5C7AD700587C25 /* ViewController.m */,
				50B4160A1A5C7AD700587C25 /* Main.storyboard */,
				50B4160D1A5C7AD700587C25 /* Images.xcassets */,
				50B4160F1A5C7AD700587C25 /* LaunchScreen.xib */,
				50B416001A5C7AD700587C25 /* Supporting Files */,
			);
			path = WordPlay;
			sourceTree = "<group>";
		};
		50B416001A5C7AD700587C25 /* Supporting Files */ = {
			isa = PBXGroup;
			children = (
				50B416011A5C7AD700587C25 /* Info.plist */,
				50B416021A5C7AD700587C25 /* main.m */,
			);
			name = "Supporting Files";
			sourceTree = "<group>";
		};
		50B416191A5C7AD700587C25 /* WordPlayTests */ = {
			isa = PBXGroup;
			children = (
				50B4161C1A5C7AD700587C25 /* WordPlayTests.m */,
				50B4161A1A5C7AD700587C25 /* Supporting Files */,
			);
			path = WordPlayTests;
			sourceTree = "<group>";
		};
		50B4161A1A5C7AD700587C25 /* Supporting Files */ = {
			isa = PBXGroup;
			children = (
				50B4161B1A5C7AD700587C25 /* Info.plist */,
			);
			name = "Supporting Files";
			sourceTree = "<group>";
		};
/* End PBXGroup section */

/* Begin PBXNativeTarget section */
		50B415FC1A5C7AD700587C25 /* WordPlay */ = {
			isa = PBXNativeTarget;
			buildConfigurationList = 50B416201A5C7AD700587C25 /* Build configuration list for PBXNativeTarget "WordPlay" */;
			buildPhases = (
				50B415F91A5C7AD700587C25 /* Sources */,
				50B415FA1A5C7AD700587C25 /* Frameworks */,
				50B415FB1A5C7AD700587C25 /* Resources */,
			);
			buildRules = (
			);
			dependencies = (
			);
			name = WordPlay;
			productName = WordPlay;
			productReference = 50B415FD1A5C7AD700587C25 /* WordPlay.app */;
			productType = "com.apple.product-type.application";
		};
		50B416151A5C7AD700587C25 /* WordPlayTests */ = {
			isa = PBXNativeTarget;
			buildConfigurationList = 50B416231A5C7AD700587C25 /* Build configuration list for PBXNativeTarget "WordPlayTests" */;
			buildPhases = (
				50B416121A5C7AD700587C25 /* Sources */,
				50B416131A5C7AD700587C25 /* Frameworks */,
				50B416141A5C7AD700587C25 /* Resources */,
			);
			buildRules = (
			);
			dependencies = (
				50B416181A5C7AD700587C25 /* PBXTargetDependency */,
			);
			name = WordPlayTests;
			productName = WordPlayTests;
			productReference = 50B416161A5C7AD700587C25 /* WordPlayTests.xctest */;
			productType = "com.apple.product-type.bundle.unit-test";
		};
/* End PBXNativeTarget section */

/* Begin PBXProject section */
		50B415F51A5C7AD600587C25 /* Project object */ = {
			isa = PBXProject;
			attributes = {
				LastUpgradeCheck = 0610;
				ORGANIZATIONNAME = "JP Skowron";
				TargetAttributes = {
					50B415FC1A5C7AD700587C25 = {
						CreatedOnToolsVersion = 6.1.1;
					};
					50B416151A5C7AD700587C25 = {
						CreatedOnToolsVersion = 6.1.1;
						TestTargetID = 50B415FC1A5C7AD700587C25;
					};
				};
			};
			buildConfigurationList = 50B415F81A5C7AD700587C25 /* Build configuration list for PBXProject "WordPlay" */;
			compatibilityVersion = "Xcode 3.2";
			developmentRegion = English;
			hasScannedForEncodings = 0;
			knownRegions = (
				en,
				Base,
			);
			mainGroup = 50B415F41A5C7AD600587C25;
			productRefGroup = 50B415FE1A5C7AD700587C25 /* Products */;
			projectDirPath = "";
			projectRoot = "";
			targets = (
				50B415FC1A5C7AD700587C25 /* WordPlay */,
				50B416151A5C7AD700587C25 /* WordPlayTests */,
			);
		};
/* End PBXProject section */

/* Begin PBXResourcesBuildPhase section */
		50B415FB1A5C7AD700587C25 /* Resources */ = {
			isa = PBXResourcesBuildPhase;
			buildActionMask = 2147483647;
			files = (
				50B4160C1A5C7AD700587C25 /* Main.storyboard in Resources */,
				50B416111A5C7AD700587C25 /* LaunchScreen.xib in Resources */,
				50B4160E1A5C7AD700587C25 /* Images.xcassets in Resources */,
			);
			runOnlyForDeploymentPostprocessing = 0;
		};
		50B416141A5C7AD700587C25 /* Resources */ = {
			isa = PBXResourcesBuildPhase;
			buildActionMask = 2147483647;
			files = (
			);
			runOnlyForDeploymentPostprocessing = 0;
		};
/* End PBXResourcesBuildPhase section */

/* Begin PBXSourcesBuildPhase section */
		50B415F91A5C7AD700587C25 /* Sources */ = {
			isa = PBXSourcesBuildPhase;
			buildActionMask = 2147483647;
			files = (
				50B416091A5C7AD700587C25 /* ViewController.m in Sources */,
				50B416061A5C7AD700587C25 /* AppDelegate.m in Sources */,
				50B416031A5C7AD700587C25 /* main.m in Sources */,
			);
			runOnlyForDeploymentPostprocessing = 0;
		};
		50B416121A5C7AD700587C25 /* Sources */ = {
			isa = PBXSourcesBuildPhase;
			buildActionMask = 2147483647;
			files = (
				50B4161D1A5C7AD700587C25 /* WordPlayTests.m in Sources */,
			);
			runOnlyForDeploymentPostprocessing = 0;
		};
/* End PBXSourcesBuildPhase section */

/* Begin PBXTargetDependency section */
		50B416181A5C7AD700587C25 /* PBXTargetDependency */ = {
			isa = PBXTargetDependency;
			target = 50B415FC1A5C7AD700587C25 /* WordPlay */;
			targetProxy = 50B416171A5C7AD700587C25 /* PBXContainerItemProxy */;
		};
/* End PBXTargetDependency section */

/* Begin PBXVariantGroup section */
		50B4160A1A5C7AD700587C25 /* Main.storyboard */ = {
			isa = PBXVariantGroup;
			children = (
				50B4160B1A5C7AD700587C25 /* Base */,
			);
			name = Main.storyboard;
			sourceTree = "<group>";
		};
		50B4160F1A5C7AD700587C25 /* LaunchScreen.xib */ = {
			isa = PBXVariantGroup;
			children = (
				50B416101A5C7AD700587C25 /* Base */,
			);
			name = LaunchScreen.xib;
			sourceTree = "<group>";
		};
/* End PBXVariantGroup section */

/* Begin XCBuildConfiguration section */
		50B4161E1A5C7AD700587C25 /* Debug */ = {
			isa = XCBuildConfiguration;
			buildSettings = {
				ALWAYS_SEARCH_USER_PATHS = NO;
				CLANG_CXX_LANGUAGE_STANDARD = "gnu++0x";
				CLANG_CXX_LIBRARY = "libc++";
				CLANG_ENABLE_MODULES = YES;
				CLANG_ENABLE_OBJC_ARC = YES;
				CLANG_WARN_BOOL_CONVERSION = YES;
				CLANG_WARN_CONSTANT_CONVERSION = YES;
				CLANG_WARN_DIRECT_OBJC_ISA_USAGE = YES_ERROR;
				CLANG_WARN_EMPTY_BODY = YES;
				CLANG_WARN_ENUM_CONVERSION = YES;
				CLANG_WARN_INT_CONVERSION = YES;
				CLANG_WARN_OBJC_ROOT_CLASS = YES_ERROR;
				CLANG_WARN_UNREACHABLE_CODE = YES;
				CLANG_WARN__DUPLICATE_METHOD_MATCH = YES;
				"CODE_SIGN_IDENTITY[sdk=iphoneos*]" = "iPhone Developer";
				COPY_PHASE_STRIP = NO;
				ENABLE_STRICT_OBJC_MSGSEND = YES;
				GCC_C_LANGUAGE_STANDARD = gnu99;
				GCC_DYNAMIC_NO_PIC = NO;
				GCC_OPTIMIZATION_LEVEL = 0;
				GCC_PREPROCESSOR_DEFINITIONS = (
					"DEBUG=1",
					"$(inherited)",
				);
				GCC_SYMBOLS_PRIVATE_EXTERN = NO;
				GCC_WARN_64_TO_32_BIT_CONVERSION = YES;
				GCC_WARN_ABOUT_RETURN_TYPE = YES_ERROR;
				GCC_WARN_UNDECLARED_SELECTOR = YES;
				GCC_WARN_UNINITIALIZED_AUTOS = YES_AGGRESSIVE;
				GCC_WARN_UNUSED_FUNCTION = YES;
				GCC_WARN_UNUSED_VARIABLE = YES;
				IPHONEOS_DEPLOYMENT_TARGET = 8.1;
				MTL_ENABLE_DEBUG_INFO = YES;
				ONLY_ACTIVE_ARCH = YES;
				SDKROOT = iphoneos;
			};
			name = Debug;
		};
		50B4161F1A5C7AD700587C25 /* Release */ = {
			isa = XCBuildConfiguration;
			buildSettings = {
				ALWAYS_SEARCH_USER_PATHS = NO;
				CLANG_CXX_LANGUAGE_STANDARD = "gnu++0x";
				CLANG_CXX_LIBRARY = "libc++";
				CLANG_ENABLE_MODULES = YES;
				CLANG_ENABLE_OBJC_ARC = YES;
				CLANG_WARN_BOOL_CONVERSION = YES;
				CLANG_WARN_CONSTANT_CONVERSION = YES;
				CLANG_WARN_DIRECT_OBJC_ISA_USAGE = YES_ERROR;
				CLANG_WARN_EMPTY_BODY = YES;
				CLANG_WARN_ENUM_CONVERSION = YES;
				CLANG_WARN_INT_CONVERSION = YES;
				CLANG_WARN_OBJC_ROOT_CLASS = YES_ERROR;
				CLANG_WARN_UNREACHABLE_CODE = YES;
				CLANG_WARN__DUPLICATE_METHOD_MATCH = YES;
				"CODE_SIGN_IDENTITY[sdk=iphoneos*]" = "iPhone Developer";
				COPY_PHASE_STRIP = YES;
				ENABLE_NS_ASSERTIONS = NO;
				ENABLE_STRICT_OBJC_MSGSEND = YES;
				GCC_C_LANGUAGE_STANDARD = gnu99;
				GCC_WARN_64_TO_32_BIT_CONVERSION = YES;
				GCC_WARN_ABOUT_RETURN_TYPE = YES_ERROR;
				GCC_WARN_UNDECLARED_SELECTOR = YES;
				GCC_WARN_UNINITIALIZED_AUTOS = YES_AGGRESSIVE;
				GCC_WARN_UNUSED_FUNCTION = YES;
				GCC_WARN_UNUSED_VARIABLE = YES;
				IPHONEOS_DEPLOYMENT_TARGET = 8.1;
				MTL_ENABLE_DEBUG_INFO = NO;
				SDKROOT = iphoneos;
				VALIDATE_PRODUCT = YES;
			};
			name = Release;
		};
		50B416211A5C7AD700587C25 /* Debug */ = {
			isa = XCBuildConfiguration;
			buildSettings = {
				ASSETCATALOG_COMPILER_APPICON_NAME = AppIcon;
				INFOPLIST_FILE = WordPlay/Info.plist;
				LD_RUNPATH_SEARCH_PATHS = "$(inherited) @executable_path/Frameworks";
				PRODUCT_NAME = "$(TARGET_NAME)";
			};
			name = Debug;
		};
		50B416221A5C7AD700587C25 /* Release */ = {
			isa = XCBuildConfiguration;
			buildSettings = {
				ASSETCATALOG_COMPILER_APPICON_NAME = AppIcon;
				INFOPLIST_FILE = WordPlay/Info.plist;
				LD_RUNPATH_SEARCH_PATHS = "$(inherited) @executable_path/Frameworks";
				PRODUCT_NAME = "$(TARGET_NAME)";
			};
			name = Release;
		};
		50B416241A5C7AD700587C25 /* Debug */ = {
			isa = XCBuildConfiguration;
			buildSettings = {
				BUNDLE_LOADER = "$(TEST_HOST)";
				FRAMEWORK_SEARCH_PATHS = (
					"$(SDKROOT)/Developer/Library/Frameworks",
					"$(inherited)",
				);
				GCC_PREPROCESSOR_DEFINITIONS = (
					"DEBUG=1",
					"$(inherited)",
				);
				INFOPLIST_FILE = WordPlayTests/Info.plist;
				LD_RUNPATH_SEARCH_PATHS = "$(inherited) @executable_path/Frameworks @loader_path/Frameworks";
				PRODUCT_NAME = "$(TARGET_NAME)";
				TEST_HOST = "$(BUILT_PRODUCTS_DIR)/WordPlay.app/WordPlay";
			};
			name = Debug;
		};
		50B416251A5C7AD700587C25 /* Release */ = {
			isa = XCBuildConfiguration;
			buildSettings = {
				BUNDLE_LOADER = "$(TEST_HOST)";
				FRAMEWORK_SEARCH_PATHS = (
					"$(SDKROOT)/Developer/Library/Frameworks",
					"$(inherited)",
				);
				INFOPLIST_FILE = WordPlayTests/Info.plist;
				LD_RUNPATH_SEARCH_PATHS = "$(inherited) @executable_path/Frameworks @loader_path/Frameworks";
				PRODUCT_NAME = "$(TARGET_NAME)";
				TEST_HOST = "$(BUILT_PRODUCTS_DIR)/WordPlay.app/WordPlay";
			};
			name = Release;
		};
/* End XCBuildConfiguration section */

/* Begin XCConfigurationList section */
		50B415F81A5C7AD700587C25 /* Build configuration list for PBXProject "WordPlay" */ = {
			isa = XCConfigurationList;
			buildConfigurations = (
				50B4161E1A5C7AD700587C25 /* Debug */,
				50B4161F1A5C7AD700587C25 /* Release */,
			);
			defaultConfigurationIsVisible = 0;
			defaultConfigurationName = Release;
		};
		50B416201A5C7AD700587C25 /* Build configuration list for PBXNativeTarget "WordPlay" */ = {
			isa = XCConfigurationList;
			buildConfigurations = (
				50B416211A5C7AD700587C25 /* Debug */,
				50B416221A5C7AD700587C25 /* Release */,
			);
			defaultConfigurationIsVisible = 0;
		};
		50B416231A5C7AD700587C25 /* Build configuration list for PBXNativeTarget "WordPlayTests" */ = {
			isa = XCConfigurationList;
			buildConfigurations = (
				50B416241A5C7AD700587C25 /* Debug */,
				50B416251A5C7AD700587C25 /* Release */,
			);
			defaultConfigurationIsVisible = 0;
		};
/* End XCConfigurationList section */
	};
	rootObject = 50B415F51A5C7AD600587C25 /* Project object */;
}
